
Microsoft Visual Studio Solution File, Format Version 12.00
# Visual Studio Version 17
VisualStudioVersion = 17.8.34330.188
MinimumVisualStudioVersion = 10.0.40219.1
Project("{FAE04EC0-301F-11D3-BF4B-00C04F79EFBC}") = "Sanjana_Thoguru_991445383", "Sanjana_Thoguru_991445383\Sanjana_Thoguru_991445383.csproj", "{7187FF8A-6BA2-4ADB-AE7F-00AE316EFCB7}"
EndProject
Global
	GlobalSection(SolutionConfigurationPlatforms) = preSolution
		Debug|Any CPU = Debug|Any CPU
		Release|Any CPU = Release|Any CPU
	EndGlobalSection
	GlobalSection(ProjectConfigurationPlatforms) = postSolution
		{7187FF8A-6BA2-4ADB-AE7F-00AE316EFCB7}.Debug|Any CPU.ActiveCfg = Debug|Any CPU
		{7187FF8A-6BA2-4ADB-AE7F-00AE316EFCB7}.Debug|Any CPU.Build.0 = Debug|Any CPU
		{7187FF8A-6BA2-4ADB-AE7F-00AE316EFCB7}.Debug|Any CPU.Deploy.0 = Debug|Any CPU
		{7187FF8A-6BA2-4ADB-AE7F-00AE316EFCB7}.Release|Any CPU.ActiveCfg = Release|Any CPU
		{7187FF8A-6BA2-4ADB-AE7F-00AE316EFCB7}.Release|Any CPU.Build.0 = Release|Any CPU
		{7187FF8A-6BA2-4ADB-AE7F-00AE316EFCB7}.Release|Any CPU.Deploy.0 = Release|Any CPU
	EndGlobalSection
	GlobalSection(SolutionProperties) = preSolution
		HideSolutionNode = FALSE
	EndGlobalSection
	GlobalSection(ExtensibilityGlobals) = postSolution
		SolutionGuid = {192BFD13-E4C4-4CA2-AB48-EA418D272BED}
	EndGlobalSection
EndGlobal
